
Microsoft Visual Studio Solution File, Format Version 12.00
Project("{FAE04EC0-301F-11D3-BF4B-00C04F79EFBC}") = "gE3", "gE3\gE3.csproj", "{FA7213F3-5501-4F9D-A00A-C40028320284}"
EndProject
Project("{FAE04EC0-301F-11D3-BF4B-00C04F79EFBC}") = "gEModel", "gEModel\gEModel.csproj", "{23FC42BE-F6C2-4E8D-9C4B-9BC66A9BB28D}"
EndProject
Project("{FAE04EC0-301F-11D3-BF4B-00C04F79EFBC}") = "gE3BS", "gE3BS\gE3BS.csproj", "{15B52962-027F-46BC-9DEC-3C759FB8F986}"
EndProject
Project("{FAE04EC0-301F-11D3-BF4B-00C04F79EFBC}") = "LoaderDemo", "LoaderDemo\LoaderDemo.csproj", "{D3F548F1-11A3-48E9-B0E3-6084CBCC6C46}"
EndProject
Project("{FAE04EC0-301F-11D3-BF4B-00C04F79EFBC}") = "gEMath", "gEMath\gEMath.csproj", "{C904A6DD-3E32-4822-A7BA-B7820731E4E5}"
EndProject
Global
	GlobalSection(SolutionConfigurationPlatforms) = preSolution
		Debug|Any CPU = Debug|Any CPU
		Release|Any CPU = Release|Any CPU
	EndGlobalSection
	GlobalSection(ProjectConfigurationPlatforms) = postSolution
		{FA7213F3-5501-4F9D-A00A-C40028320284}.Debug|Any CPU.ActiveCfg = Debug|Any CPU
		{FA7213F3-5501-4F9D-A00A-C40028320284}.Debug|Any CPU.Build.0 = Debug|Any CPU
		{FA7213F3-5501-4F9D-A00A-C40028320284}.Release|Any CPU.ActiveCfg = Release|Any CPU
		{FA7213F3-5501-4F9D-A00A-C40028320284}.Release|Any CPU.Build.0 = Release|Any CPU
		{23FC42BE-F6C2-4E8D-9C4B-9BC66A9BB28D}.Debug|Any CPU.ActiveCfg = Debug|Any CPU
		{23FC42BE-F6C2-4E8D-9C4B-9BC66A9BB28D}.Debug|Any CPU.Build.0 = Debug|Any CPU
		{23FC42BE-F6C2-4E8D-9C4B-9BC66A9BB28D}.Release|Any CPU.ActiveCfg = Release|Any CPU
		{23FC42BE-F6C2-4E8D-9C4B-9BC66A9BB28D}.Release|Any CPU.Build.0 = Release|Any CPU
		{15B52962-027F-46BC-9DEC-3C759FB8F986}.Debug|Any CPU.ActiveCfg = Debug|Any CPU
		{15B52962-027F-46BC-9DEC-3C759FB8F986}.Debug|Any CPU.Build.0 = Debug|Any CPU
		{15B52962-027F-46BC-9DEC-3C759FB8F986}.Release|Any CPU.ActiveCfg = Release|Any CPU
		{15B52962-027F-46BC-9DEC-3C759FB8F986}.Release|Any CPU.Build.0 = Release|Any CPU
		{D3F548F1-11A3-48E9-B0E3-6084CBCC6C46}.Debug|Any CPU.ActiveCfg = Debug|Any CPU
		{D3F548F1-11A3-48E9-B0E3-6084CBCC6C46}.Debug|Any CPU.Build.0 = Debug|Any CPU
		{D3F548F1-11A3-48E9-B0E3-6084CBCC6C46}.Release|Any CPU.ActiveCfg = Release|Any CPU
		{D3F548F1-11A3-48E9-B0E3-6084CBCC6C46}.Release|Any CPU.Build.0 = Release|Any CPU
		{C904A6DD-3E32-4822-A7BA-B7820731E4E5}.Debug|Any CPU.ActiveCfg = Debug|Any CPU
		{C904A6DD-3E32-4822-A7BA-B7820731E4E5}.Debug|Any CPU.Build.0 = Debug|Any CPU
		{C904A6DD-3E32-4822-A7BA-B7820731E4E5}.Release|Any CPU.ActiveCfg = Release|Any CPU
		{C904A6DD-3E32-4822-A7BA-B7820731E4E5}.Release|Any CPU.Build.0 = Release|Any CPU
	EndGlobalSection
EndGlobal
